Microsoft Visual Studio Solution File, Format Version 12.00
# Visual Studio 15
VisualStudioVersion = 15.0.28010.2026
MinimumVisualStudioVersion = 10.0.40219.1
Project("{FAE04EC0-301F-11D3-BF4B-00C04F79EFBC}") = "TruckingCalculator.Android", "TruckingCalculator.Android\TruckingCalculator.Android.csproj", "{24CE3C36-16B9-426D-AA0C-5961ECF8D88C}"
EndProject
Project("{FAE04EC0-301F-11D3-BF4B-00C04F79EFBC}") = "TruckingCalculator.iOS", "TruckingCalculator.iOS\TruckingCalculator.iOS.csproj", "{AC412D15-CD0D-4F8F-B952-F3E8F168E035}"
EndProject
Project("{D954291E-2A0B-460D-934E-DC6B0785DB48}") = "TruckingCalculator", "TruckingCalculator\TruckingCalculator.shproj", "{31C171F3-78BD-4319-912B-A6BA2FC4190C}"
EndProject
Project("{FAE04EC0-301F-11D3-BF4B-00C04F79EFBC}") = "TruckingCalculator.UITests", "TruckingCalculator.UITests\TruckingCalculator.UITests.csproj", "{B19C892E-2628-4CA7-AD27-08D406A3B14B}"
EndProject
Global
	GlobalSection(SharedMSBuildProjectFiles) = preSolution
		TruckingCalculator\TruckingCalculator.projitems*{24ce3c36-16b9-426d-aa0c-5961ecf8d88c}*SharedItemsImports = 4
		TruckingCalculator\TruckingCalculator.projitems*{31c171f3-78bd-4319-912b-a6ba2fc4190c}*SharedItemsImports = 13
		TruckingCalculator\TruckingCalculator.projitems*{ac412d15-cd0d-4f8f-b952-f3e8f168e035}*SharedItemsImports = 4
	EndGlobalSection
	GlobalSection(SolutionConfigurationPlatforms) = preSolution
		Debug|Any CPU = Debug|Any CPU
		Debug|iPhone = Debug|iPhone
		Debug|iPhoneSimulator = Debug|iPhoneSimulator
		Release|Any CPU = Release|Any CPU
		Release|iPhone = Release|iPhone
		Release|iPhoneSimulator = Release|iPhoneSimulator
	EndGlobalSection
	GlobalSection(ProjectConfigurationPlatforms) = postSolution
		{24CE3C36-16B9-426D-AA0C-5961ECF8D88C}.Debug|Any CPU.ActiveCfg = Debug|Any CPU
		{24CE3C36-16B9-426D-AA0C-5961ECF8D88C}.Debug|Any CPU.Build.0 = Debug|Any CPU
		{24CE3C36-16B9-426D-AA0C-5961ECF8D88C}.Debug|iPhone.ActiveCfg = Debug|Any CPU
		{24CE3C36-16B9-426D-AA0C-5961ECF8D88C}.Debug|iPhone.Build.0 = Debug|Any CPU
		{24CE3C36-16B9-426D-AA0C-5961ECF8D88C}.Debug|iPhoneSimulator.ActiveCfg = Debug|Any CPU
		{24CE3C36-16B9-426D-AA0C-5961ECF8D88C}.Debug|iPhoneSimulator.Build.0 = Debug|Any CPU
		{24CE3C36-16B9-426D-AA0C-5961ECF8D88C}.Release|Any CPU.ActiveCfg = Release|Any CPU
		{24CE3C36-16B9-426D-AA0C-5961ECF8D88C}.Release|Any CPU.Build.0 = Release|Any CPU
		{24CE3C36-16B9-426D-AA0C-5961ECF8D88C}.Release|iPhone.ActiveCfg = Release|Any CPU
		{24CE3C36-16B9-426D-AA0C-5961ECF8D88C}.Release|iPhone.Build.0 = Release|Any CPU
		{24CE3C36-16B9-426D-AA0C-5961ECF8D88C}.Release|iPhoneSimulator.ActiveCfg = Release|Any CPU
		{24CE3C36-16B9-426D-AA0C-5961ECF8D88C}.Release|iPhoneSimulator.Build.0 = Release|Any CPU
		{AC412D15-CD0D-4F8F-B952-F3E8F168E035}.Debug|Any CPU.ActiveCfg = Debug|iPhoneSimulator
		{AC412D15-CD0D-4F8F-B952-F3E8F168E035}.Debug|Any CPU.Build.0 = Debug|iPhoneSimulator
		{AC412D15-CD0D-4F8F-B952-F3E8F168E035}.Debug|iPhone.ActiveCfg = Debug|iPhone
		{AC412D15-CD0D-4F8F-B952-F3E8F168E035}.Debug|iPhone.Build.0 = Debug|iPhone
		{AC412D15-CD0D-4F8F-B952-F3E8F168E035}.Debug|iPhoneSimulator.ActiveCfg = Debug|iPhoneSimulator
		{AC412D15-CD0D-4F8F-B952-F3E8F168E035}.Debug|iPhoneSimulator.Build.0 = Debug|iPhoneSimulator
		{AC412D15-CD0D-4F8F-B952-F3E8F168E035}.Release|Any CPU.ActiveCfg = Release|iPhoneSimulator
		{AC412D15-CD0D-4F8F-B952-F3E8F168E035}.Release|Any CPU.Build.0 = Release|iPhoneSimulator
		{AC412D15-CD0D-4F8F-B952-F3E8F168E035}.Release|iPhone.ActiveCfg = Release|iPhone
		{AC412D15-CD0D-4F8F-B952-F3E8F168E035}.Release|iPhone.Build.0 = Release|iPhone
		{AC412D15-CD0D-4F8F-B952-F3E8F168E035}.Release|iPhoneSimulator.ActiveCfg = Release|iPhoneSimulator
		{AC412D15-CD0D-4F8F-B952-F3E8F168E035}.Release|iPhoneSimulator.Build.0 = Release|iPhoneSimulator
		{B19C892E-2628-4CA7-AD27-08D406A3B14B}.Debug|Any CPU.ActiveCfg = Debug|Any CPU
		{B19C892E-2628-4CA7-AD27-08D406A3B14B}.Debug|Any CPU.Build.0 = Debug|Any CPU
		{B19C892E-2628-4CA7-AD27-08D406A3B14B}.Debug|iPhone.ActiveCfg = Debug|Any CPU
		{B19C892E-2628-4CA7-AD27-08D406A3B14B}.Debug|iPhone.Build.0 = Debug|Any CPU
		{B19C892E-2628-4CA7-AD27-08D406A3B14B}.Debug|iPhoneSimulator.ActiveCfg = Debug|Any CPU
		{B19C892E-2628-4CA7-AD27-08D406A3B14B}.Debug|iPhoneSimulator.Build.0 = Debug|Any CPU
		{B19C892E-2628-4CA7-AD27-08D406A3B14B}.Release|Any CPU.ActiveCfg = Release|Any CPU
		{B19C892E-2628-4CA7-AD27-08D406A3B14B}.Release|Any CPU.Build.0 = Release|Any CPU
		{B19C892E-2628-4CA7-AD27-08D406A3B14B}.Release|iPhone.ActiveCfg = Release|Any CPU
		{B19C892E-2628-4CA7-AD27-08D406A3B14B}.Release|iPhone.Build.0 = Release|Any CPU
		{B19C892E-2628-4CA7-AD27-08D406A3B14B}.Release|iPhoneSimulator.ActiveCfg = Release|Any CPU
		{B19C892E-2628-4CA7-AD27-08D406A3B14B}.Release|iPhoneSimulator.Build.0 = Release|Any CPU
	EndGlobalSection
	GlobalSection(SolutionProperties) = preSolution
		HideSolutionNode = FALSE
	EndGlobalSection
	GlobalSection(ExtensibilityGlobals) = postSolution
		SolutionGuid = {09C61BA2-E772-47B8-812A-EE18EEDA9944}
	EndGlobalSection
EndGlobal
